{
  "name": "macie-finding-handler",
  "version": "1.0.0",
  "lockfileVersion": 2,
  "requires": true,
  "packages": {
    "": {
      "name": "macie-finding-handler",
      "version": "1.0.0",
      "license": "MIT-0",
      "dependencies": {
        "macie-rem-common": "file:../common/macie-rem-common"
      }
    },
    "../common/macie-rem-common": {
      "version": "1.0.0",
      "license": "MIT-0"
    },
    "node_modules/macie-rem-common": {
      "resolved": "../common/macie-rem-common",
      "link": true
    }
  },
  "dependencies": {
    "macie-rem-common": {
      "version": "file:../common/macie-rem-common"
    }
  }
}
