{
  "name": "macie-remediation-handler",
  "version": "1.0.0",
  "lockfileVersion": 2,
  "requires": true,
  "packages": {
    "": {
      "name": "macie-remediation-handler",
      "version": "1.0.0",
      "license": "MIT-0",
      "dependencies": {
        "macie-rem-common": "file:../common/macie-rem-common",
        "tsscmp": "^1.0.6"
      }
    },
    "../common/macie-rem-common": {
      "version": "1.0.0",
      "license": "MIT-0"
    },
    "node_modules/macie-rem-common": {
      "resolved": "../common/macie-rem-common",
      "link": true
    },
    "node_modules/tsscmp": {
      "version": "1.0.6",
      "resolved": "https://registry.npmjs.org/tsscmp/-/tsscmp-1.0.6.tgz",
      "integrity": "sha512-LxhtAkPDTkVCMQjt2h6eBVY28KCjikZqZfMcC15YBeNjkgUpdCfBu5HoiOTDu86v6smE8yOjyEktJ8hlbANHQA==",
      "engines": {
        "node": ">=0.6.x"
      }
    }
  },
  "dependencies": {
    "macie-rem-common": {
      "version": "file:../common/macie-rem-common"
    },
    "tsscmp": {
      "version": "1.0.6",
      "resolved": "https://registry.npmjs.org/tsscmp/-/tsscmp-1.0.6.tgz",
      "integrity": "sha512-LxhtAkPDTkVCMQjt2h6eBVY28KCjikZqZfMcC15YBeNjkgUpdCfBu5HoiOTDu86v6smE8yOjyEktJ8hlbANHQA=="
    }
  }
}
